{
  "name": "atom-ide-visualforce",
  "version": "0.0.1",
  "lockfileVersion": 1,
  "requires": true,
  "dependencies": {
    "@salesforce/salesforcedx-visualforce-language-server": {
      "version": "41.4.0",
      "resolved": "https://heroku-npm.herokuapp.com/@salesforce/salesforcedx-visualforce-language-server/-/@salesforce/salesforcedx-visualforce-language-server-41.4.0/155c83880eb00d81aa5fd317c0c243dde3193b5f.tgz",
      "integrity": "sha1-FVyDiA6wDYGqX9MXwMJD3eMZO18=",
      "requires": {
        "@salesforce/salesforcedx-visualforce-markup-language-server": "41.4.0",
        "vscode-css-languageservice": "2.1.9",
        "vscode-languageserver": "3.4.2",
        "vscode-languageserver-protocol": "3.4.2",
        "vscode-languageserver-types": "3.4.0",
        "vscode-nls": "2.0.2",
        "vscode-uri": "1.0.1"
      },
      "dependencies": {
        "@salesforce/salesforcedx-visualforce-markup-language-server": {
          "version": "41.4.0",
          "resolved": "https://heroku-npm.herokuapp.com/@salesforce/salesforcedx-visualforce-markup-language-server/-/@salesforce/salesforcedx-visualforce-markup-language-server-41.4.0/cb2728610522fe0a95423fc71d15e100be557428.tgz",
          "integrity": "sha1-yycoYQUi/gqVQj/HHRXhAL5VdCg=",
          "requires": {
            "vscode-languageserver-types": "3.4.0",
            "vscode-nls": "2.0.2",
            "vscode-uri": "1.0.1"
          }
        },
        "vscode-css-languageservice": {
          "version": "2.1.9",
          "resolved": "https://heroku-npm.herokuapp.com/vscode-css-languageservice/-/vscode-css-languageservice-2.1.9/95a33b154e2baecb091b48262fbaaaf56c7eb8cb.tgz",
          "integrity": "sha1-laM7FU4rrssJG0gmL7qq9Wx+uMs=",
          "requires": {
            "vscode-languageserver-types": "3.4.0",
            "vscode-nls": "2.0.2"
          }
        },
        "vscode-jsonrpc": {
          "version": "3.4.1",
          "resolved": "https://heroku-npm.herokuapp.com/vscode-jsonrpc/-/vscode-jsonrpc-3.4.1/e2e0b9e121f71a2b5448058a34a3aef8376a5e91.tgz",
          "integrity": "sha1-4uC54SH3GitUSAWKNKOu+DdqXpE="
        },
        "vscode-languageserver": {
          "version": "3.4.2",
          "resolved": "https://heroku-npm.herokuapp.com/vscode-languageserver/-/vscode-languageserver-3.4.2/08cbe50ee26901d37dd4b5dc52c25b909363c1f1.tgz",
          "integrity": "sha1-CMvlDuJpAdN91LXcUsJbkJNjwfE=",
          "requires": {
            "vscode-languageserver-protocol": "3.4.2",
            "vscode-uri": "1.0.1"
          }
        },
        "vscode-languageserver-protocol": {
          "version": "3.4.2",
          "resolved": "https://heroku-npm.herokuapp.com/vscode-languageserver-protocol/-/vscode-languageserver-protocol-3.4.2/b1fd77feb17917ca2bf197a224bd685b8f6088df.tgz",
          "integrity": "sha512-2VA7kaBbqd92qbxPr0GhuIE4DpFf/rDN0z+s4OkI7D5KgxPr5Vm5pCHLX7MIoktvUiDtm2etfF2+YTzA2xBUdw==",
          "requires": {
            "vscode-jsonrpc": "3.4.1",
            "vscode-languageserver-types": "3.4.0"
          }
        },
        "vscode-languageserver-types": {
          "version": "3.4.0",
          "resolved": "https://heroku-npm.herokuapp.com/vscode-languageserver-types/-/vscode-languageserver-types-3.4.0/5043ae47ee4ac16af07bb3d0ca561235e0c0d2fa.tgz",
          "integrity": "sha1-UEOuR+5KwWrwe7PQylYSNeDA0vo="
        },
        "vscode-nls": {
          "version": "2.0.2",
          "resolved": "https://heroku-npm.herokuapp.com/vscode-nls/-/vscode-nls-2.0.2/808522380844b8ad153499af5c3b03921aea02da.tgz",
          "integrity": "sha1-gIUiOAhEuK0VNJmvXDsDkhrqAto="
        },
        "vscode-uri": {
          "version": "1.0.1",
          "resolved": "https://heroku-npm.herokuapp.com/vscode-uri/-/vscode-uri-1.0.1/11a86befeac3c4aa3ec08623651a3c81a6d0bbc8.tgz",
          "integrity": "sha1-Eahr7+rDxKo+wIYjZRo8gabQu8g="
        }
      }
    },
    "atom-languageclient": {
      "version": "0.6.5",
      "resolved": "https://heroku-npm.herokuapp.com/atom-languageclient/-/atom-languageclient-0.6.5/760cb2e036d71ea85090ac123d5fc6c829fd4649.tgz",
      "integrity": "sha1-dgyy4DbXHqhQkKwSPV/GyCn9Rkk=",
      "requires": {
        "vscode-jsonrpc": "3.4.1"
      },
      "dependencies": {
        "vscode-jsonrpc": {
          "version": "3.4.1",
          "resolved": "https://heroku-npm.herokuapp.com/vscode-jsonrpc/-/vscode-jsonrpc-3.4.1/e2e0b9e121f71a2b5448058a34a3aef8376a5e91.tgz",
          "integrity": "sha1-4uC54SH3GitUSAWKNKOu+DdqXpE="
        }
      }
    },
    "prettier": {
      "version": "1.7.4",
      "resolved": "https://heroku-npm.herokuapp.com/prettier/-/prettier-1.7.4/5e8624ae9363c80f95ec644584ecdf55d74f93fa.tgz",
      "integrity": "sha1-XoYkrpNjyA+V7GRFhOzfVddPk/o=",
      "dev": true
    },
    "shelljs": {
      "version": "0.7.8",
      "resolved": "https://heroku-npm.herokuapp.com/shelljs/-/shelljs-0.7.8/decbcf874b0d1e5fb72e14b164a9683048e9acb3.tgz",
      "integrity": "sha1-3svPh0sNHl+3LhSxZKloMEjprLM=",
      "dev": true,
      "requires": {
        "glob": "7.1.2",
        "interpret": "1.0.4",
        "rechoir": "0.6.2"
      },
      "dependencies": {
        "balanced-match": {
          "version": "1.0.0",
          "resolved": "https://heroku-npm.herokuapp.com/balanced-match/-/balanced-match-1.0.0/89b4d199ab2bee49de164ea02b89ce462d71b767.tgz",
          "integrity": "sha1-ibTRmasr7kneFk6gK4nORi1xt2c=",
          "dev": true
        },
        "brace-expansion": {
          "version": "1.1.8",
          "resolved": "https://heroku-npm.herokuapp.com/brace-expansion/-/brace-expansion-1.1.8/c07b211c7c952ec1f8efd51a77ef0d1d3990a292.tgz",
          "integrity": "sha1-wHshHHyVLsH479Uad+8NHTmQopI=",
          "dev": true,
          "requires": {
            "balanced-match": "1.0.0",
            "concat-map": "0.0.1"
          }
        },
        "concat-map": {
          "version": "0.0.1",
          "resolved": "https://heroku-npm.herokuapp.com/concat-map/-/concat-map-0.0.1/d8a96bd77fd68df7793a73036a3ba0d5405d477b.tgz",
          "integrity": "sha1-2Klr13/Wjfd5OnMDajug1UBdR3s=",
          "dev": true
        },
        "fs.realpath": {
          "version": "1.0.0",
          "resolved": "https://heroku-npm.herokuapp.com/fs.realpath/-/fs.realpath-1.0.0/1504ad2523158caa40db4a2787cb01411994ea4f.tgz",
          "integrity": "sha1-FQStJSMVjKpA20onh8sBQRmU6k8=",
          "dev": true
        },
        "glob": {
          "version": "7.1.2",
          "resolved": "https://heroku-npm.herokuapp.com/glob/-/glob-7.1.2/c19c9df9a028702d678612384a6552404c636d15.tgz",
          "integrity": "sha512-MJTUg1kjuLeQCJ+ccE4Vpa6kKVXkPYJ2mOCQyUuKLcLQsdrMCpBPUi8qVE6+YuaJkozeA9NusTAw3hLr8Xe5EQ==",
          "dev": true,
          "requires": {
            "fs.realpath": "1.0.0",
            "inflight": "1.0.6",
            "inherits": "2.0.3",
            "minimatch": "3.0.4",
            "once": "1.4.0",
            "path-is-absolute": "1.0.1"
          }
        },
        "inflight": {
          "version": "1.0.6",
          "resolved": "https://heroku-npm.herokuapp.com/inflight/-/inflight-1.0.6/49bd6331d7d02d0c09bc910a1075ba8165b56df9.tgz",
          "integrity": "sha1-Sb1jMdfQLQwJvJEKEHW6gWW1bfk=",
          "dev": true,
          "requires": {
            "once": "1.4.0",
            "wrappy": "1.0.2"
          }
        },
        "inherits": {
          "version": "2.0.3",
          "resolved": "https://heroku-npm.herokuapp.com/inherits/-/inherits-2.0.3/633c2c83e3da42a502f52466022480f4208261de.tgz",
          "integrity": "sha1-Yzwsg+PaQqUC9SRmAiSA9CCCYd4=",
          "dev": true
        },
        "interpret": {
          "version": "1.0.4",
          "resolved": "https://heroku-npm.herokuapp.com/interpret/-/interpret-1.0.4/820cdd588b868ffb191a809506d6c9c8f212b1b0.tgz",
          "integrity": "sha1-ggzdWIuGj/sZGoCVBtbJyPISsbA=",
          "dev": true
        },
        "minimatch": {
          "version": "3.0.4",
          "resolved": "https://heroku-npm.herokuapp.com/minimatch/-/minimatch-3.0.4/5166e286457f03306064be5497e8dbb0c3d32083.tgz",
          "integrity": "sha512-yJHVQEhyqPLUTgt9B83PXu6W3rx4MvvHvSUvToogpwoGDOUQ+yDrR0HRot+yOCdCO7u4hX3pWft6kWBBcqh0UA==",
          "dev": true,
          "requires": {
            "brace-expansion": "1.1.8"
          }
        },
        "once": {
          "version": "1.4.0",
          "resolved": "https://heroku-npm.herokuapp.com/once/-/once-1.4.0/583b1aa775961d4b113ac17d9c50baef9dd76bd1.tgz",
          "integrity": "sha1-WDsap3WWHUsROsF9nFC6753Xa9E=",
          "dev": true,
          "requires": {
            "wrappy": "1.0.2"
          }
        },
        "path-is-absolute": {
          "version": "1.0.1",
          "resolved": "https://heroku-npm.herokuapp.com/path-is-absolute/-/path-is-absolute-1.0.1/174b9268735534ffbc7ace6bf53a5a9e1b5c5f5f.tgz",
          "integrity": "sha1-F0uSaHNVNP+8es5r9TpanhtcX18=",
          "dev": true
        },
        "path-parse": {
          "version": "1.0.5",
          "resolved": "https://heroku-npm.herokuapp.com/path-parse/-/path-parse-1.0.5/3c1adf871ea9cd6c9431b6ea2bd74a0ff055c4c1.tgz",
          "integrity": "sha1-PBrfhx6pzWyUMbbqK9dKD/BVxME=",
          "dev": true
        },
        "rechoir": {
          "version": "0.6.2",
          "resolved": "https://heroku-npm.herokuapp.com/rechoir/-/rechoir-0.6.2/85204b54dba82d5742e28c96756ef43af50e3384.tgz",
          "integrity": "sha1-hSBLVNuoLVdC4oyWdW70OvUOM4Q=",
          "dev": true,
          "requires": {
            "resolve": "1.5.0"
          }
        },
        "resolve": {
          "version": "1.5.0",
          "resolved": "https://heroku-npm.herokuapp.com/resolve/-/resolve-1.5.0/1f09acce796c9a762579f31b2c1cc4c3cddf9f36.tgz",
          "integrity": "sha512-hgoSGrc3pjzAPHNBg+KnFcK2HwlHTs/YrAGUr6qgTVUZmXv1UEXXl0bZNBKMA9fud6lRYFdPGz0xXxycPzmmiw==",
          "dev": true,
          "requires": {
            "path-parse": "1.0.5"
          }
        },
        "wrappy": {
          "version": "1.0.2",
          "resolved": "https://heroku-npm.herokuapp.com/wrappy/-/wrappy-1.0.2/b5243d8f3ec1aa35f1364605bc0d1036e30ab69f.tgz",
          "integrity": "sha1-tSQ9jz7BqjXxNkYFvA0QNuMKtp8=",
          "dev": true
        }
      }
    },
    "typescript": {
      "version": "2.4.0",
      "resolved": "https://heroku-npm.herokuapp.com/typescript/-/typescript-2.4.0/aef5a8d404beba36ad339abf079ddddfffba86dd.tgz",
      "integrity": "sha1-rvWo1AS+ujatM5q/B53d3/+6ht0="
    }
  }
}
